
Microsoft Visual Studio Solution File, Format Version 12.00
# Visual Studio 15
Project("{FAE04EC0-301F-11D3-BF4B-00C04F79EFBC}") = "Assembly-CSharp", "Assembly-CSharp.csproj", "{06228F42-9197-A584-231C-F32ED16288DA}"
EndProject
Project("{FAE04EC0-301F-11D3-BF4B-00C04F79EFBC}") = "Assembly-CSharp-Editor", "Assembly-CSharp-Editor.csproj", "{A33304D2-A89C-5900-4658-E8EC66674E00}"
EndProject
Global
	GlobalSection(SolutionConfigurationPlatforms) = preSolution
		Debug|Any CPU = Debug|Any CPU
		Release|Any CPU = Release|Any CPU
	EndGlobalSection
	GlobalSection(ProjectConfigurationPlatforms) = postSolution
		{06228F42-9197-A584-231C-F32ED16288DA}.Debug|Any CPU.ActiveCfg = Debug|Any CPU
		{06228F42-9197-A584-231C-F32ED16288DA}.Debug|Any CPU.Build.0 = Debug|Any CPU
		{06228F42-9197-A584-231C-F32ED16288DA}.Release|Any CPU.ActiveCfg = Release|Any CPU
		{06228F42-9197-A584-231C-F32ED16288DA}.Release|Any CPU.Build.0 = Release|Any CPU
		{A33304D2-A89C-5900-4658-E8EC66674E00}.Debug|Any CPU.ActiveCfg = Debug|Any CPU
		{A33304D2-A89C-5900-4658-E8EC66674E00}.Debug|Any CPU.Build.0 = Debug|Any CPU
		{A33304D2-A89C-5900-4658-E8EC66674E00}.Release|Any CPU.ActiveCfg = Release|Any CPU
		{A33304D2-A89C-5900-4658-E8EC66674E00}.Release|Any CPU.Build.0 = Release|Any CPU
	EndGlobalSection
	GlobalSection(SolutionProperties) = preSolution
		HideSolutionNode = FALSE
	EndGlobalSection
EndGlobal
